{
  "name": "Workflowy",
  "lockfileVersion": 3,
  "requires": true,
  "packages": {
    "": {
      "dependencies": {
        "lottie": "^0.0.1"
      }
    },
    "node_modules/lottie": {
      "version": "0.0.1",
      "resolved": "https://registry.npmjs.org/lottie/-/lottie-0.0.1.tgz",
      "integrity": "sha512-WdqM3pbQLzxOojtuxL9tqDgR1AeOFDLT43+dmjXl0/dhiNjf3PFzqwg7Sw4tME+DTG0DcXfAN3b1Z+HfdMf6oA=="
    }
  }
}
